
Microsoft Visual Studio Solution File, Format Version 12.00
# Visual Studio Version 17
VisualStudioVersion = 17.14.36811.4 d17.14
MinimumVisualStudioVersion = 10.0.40219.1
Project("{FAE04EC0-301F-11D3-BF4B-00C04F79EFBC}") = "binary_node1", "binary_node1\binary_node1.csproj", "{A92798C4-56C1-47EC-AD71-FDB97796E883}"
EndProject
Global
	GlobalSection(SolutionConfigurationPlatforms) = preSolution
		Debug|Any CPU = Debug|Any CPU
		Release|Any CPU = Release|Any CPU
	EndGlobalSection
	GlobalSection(ProjectConfigurationPlatforms) = postSolution
		{A92798C4-56C1-47EC-AD71-FDB97796E883}.Debug|Any CPU.ActiveCfg = Debug|Any CPU
		{A92798C4-56C1-47EC-AD71-FDB97796E883}.Debug|Any CPU.Build.0 = Debug|Any CPU
		{A92798C4-56C1-47EC-AD71-FDB97796E883}.Release|Any CPU.ActiveCfg = Release|Any CPU
		{A92798C4-56C1-47EC-AD71-FDB97796E883}.Release|Any CPU.Build.0 = Release|Any CPU
	EndGlobalSection
	GlobalSection(SolutionProperties) = preSolution
		HideSolutionNode = FALSE
	EndGlobalSection
	GlobalSection(ExtensibilityGlobals) = postSolution
		SolutionGuid = {7475DD17-8C7D-42FB-B06D-4FEDD5AFFA38}
	EndGlobalSection
EndGlobal
