
Microsoft Visual Studio Solution File, Format Version 12.00
# Visual Studio Version 17
VisualStudioVersion = 17.14.36811.4
MinimumVisualStudioVersion = 10.0.40219.1
Project("{FAE04EC0-301F-11D3-BF4B-00C04F79EFBC}") = "Milestone1", "Milestone1\Milestone1.csproj", "{AFA5E285-C4AB-2766-ABE2-1126C37F8514}"
EndProject
Project("{FAE04EC0-301F-11D3-BF4B-00C04F79EFBC}") = "Milestone2", "Milestone2\Milestone2.csproj", "{D5561CC2-E60A-85CB-2EB0-7DA8450F0508}"
EndProject
Project("{FAE04EC0-301F-11D3-BF4B-00C04F79EFBC}") = "Milestone3", "Milestone3\Milestone3.csproj", "{F5E79803-54F2-48DE-8A58-A4406239B983}"
EndProject
Project("{FAE04EC0-301F-11D3-BF4B-00C04F79EFBC}") = "Milestone4", "Milestone4\Milestone4.csproj", "{5E0DA7EF-C982-48BC-8BD2-40F730D9A790}"
EndProject
Global
	GlobalSection(SolutionConfigurationPlatforms) = preSolution
		Debug|Any CPU = Debug|Any CPU
		Release|Any CPU = Release|Any CPU
	EndGlobalSection
	GlobalSection(ProjectConfigurationPlatforms) = postSolution
		{AFA5E285-C4AB-2766-ABE2-1126C37F8514}.Debug|Any CPU.ActiveCfg = Debug|Any CPU
		{AFA5E285-C4AB-2766-ABE2-1126C37F8514}.Debug|Any CPU.Build.0 = Debug|Any CPU
		{AFA5E285-C4AB-2766-ABE2-1126C37F8514}.Release|Any CPU.ActiveCfg = Release|Any CPU
		{AFA5E285-C4AB-2766-ABE2-1126C37F8514}.Release|Any CPU.Build.0 = Release|Any CPU
		{D5561CC2-E60A-85CB-2EB0-7DA8450F0508}.Debug|Any CPU.ActiveCfg = Debug|Any CPU
		{D5561CC2-E60A-85CB-2EB0-7DA8450F0508}.Debug|Any CPU.Build.0 = Debug|Any CPU
		{D5561CC2-E60A-85CB-2EB0-7DA8450F0508}.Release|Any CPU.ActiveCfg = Release|Any CPU
		{D5561CC2-E60A-85CB-2EB0-7DA8450F0508}.Release|Any CPU.Build.0 = Release|Any CPU
		{F5E79803-54F2-48DE-8A58-A4406239B983}.Debug|Any CPU.ActiveCfg = Debug|Any CPU
		{F5E79803-54F2-48DE-8A58-A4406239B983}.Debug|Any CPU.Build.0 = Debug|Any CPU
		{F5E79803-54F2-48DE-8A58-A4406239B983}.Release|Any CPU.ActiveCfg = Release|Any CPU
		{F5E79803-54F2-48DE-8A58-A4406239B983}.Release|Any CPU.Build.0 = Release|Any CPU
		{5E0DA7EF-C982-48BC-8BD2-40F730D9A790}.Debug|Any CPU.ActiveCfg = Debug|Any CPU
		{5E0DA7EF-C982-48BC-8BD2-40F730D9A790}.Debug|Any CPU.Build.0 = Debug|Any CPU
		{5E0DA7EF-C982-48BC-8BD2-40F730D9A790}.Release|Any CPU.ActiveCfg = Release|Any CPU
		{5E0DA7EF-C982-48BC-8BD2-40F730D9A790}.Release|Any CPU.Build.0 = Release|Any CPU
	EndGlobalSection
	GlobalSection(SolutionProperties) = preSolution
		HideSolutionNode = FALSE
	EndGlobalSection
	GlobalSection(ExtensibilityGlobals) = postSolution
		SolutionGuid = {7475DD17-8C7D-42FB-B06D-4FEDD5AFFA38}
	EndGlobalSection
EndGlobal
